// !$*UTF8*$!
{
	archiveVersion = 1;
	classes = {
	};
	objectVersion = 50;
	objects = {

/* Begin PBXBuildFile section */
		184D6EF5E86D12FDB0497334 /* UIKitPresentationType.swift in Sources */ = {isa = PBXBuildFile; fileRef = 2F5238CBE607B98FB570C1EE /* UIKitPresentationType.swift */; };
		31882FA54C427E4A0AA7157D /* NavigationRoute.swift in Sources */ = {isa = PBXBuildFile; fileRef = 3E87C1248018187B71DC3A36 /* NavigationRoute.swift */; };
		33E9198D2C8B7DC6BC3B59B6 /* NavigationViewCoordinator.swift in Sources */ = {isa = PBXBuildFile; fileRef = 928E13E9D81423D7B6F01455 /* NavigationViewCoordinator.swift */; };
		36127512A94A505C8DE728D1 /* ViewWrapperCoordinatorView.swift in Sources */ = {isa = PBXBuildFile; fileRef = 25CE9874F28291D7714FCA7C /* ViewWrapperCoordinatorView.swift */; };
		3E0BD5340CC3C65F814250D8 /* Coordinatable.swift in Sources */ = {isa = PBXBuildFile; fileRef = 91BB9F2728423B38EEA3C85A /* Coordinatable.swift */; };
		3FC83944C86755ACF5C1C997 /* WeakRef.swift in Sources */ = {isa = PBXBuildFile; fileRef = 14BC365F57624C49B70AF081 /* WeakRef.swift */; };
		494F6AFA64152FDF81841B3C /* PresentationType.swift in Sources */ = {isa = PBXBuildFile; fileRef = B2ACDD7BB945B7F3C83F9747 /* PresentationType.swift */; };
		4B2B4A1DE060912665B14F32 /* NavigationCoordinatable.swift in Sources */ = {isa = PBXBuildFile; fileRef = 98BC0D274A4CD4B4A336B284 /* NavigationCoordinatable.swift */; };
		54092C1994507A690D662249 /* TabRoute.swift in Sources */ = {isa = PBXBuildFile; fileRef = 06D9286EEAD5E49D57E7AAEC /* TabRoute.swift */; };
		5AB69ED776287A46B68235BC /* TabCoordinatable.swift in Sources */ = {isa = PBXBuildFile; fileRef = 13E0F2642163410FF9A03AD5 /* TabCoordinatable.swift */; };
		60C7B67E97D1F7C058FB9E2F /* FocusError.swift in Sources */ = {isa = PBXBuildFile; fileRef = 3E1DD8D9AE8196D6513CAFC6 /* FocusError.swift */; };
		6402F8F36ACD60637FEBCA73 /* PushPresentation.swift in Sources */ = {isa = PBXBuildFile; fileRef = FC9D993634A445EA3D43C9C3 /* PushPresentation.swift */; };
		6D9E18FB7661A2E1DB4E143D /* AnyCoordinator.swift in Sources */ = {isa = PBXBuildFile; fileRef = BE2B1DA84D7728BD5064ABAD /* AnyCoordinator.swift */; };
		71EDD70239CE97D9B2AFE4DC /* Routable.swift in Sources */ = {isa = PBXBuildFile; fileRef = 806ABFABF4AF060D451ED773 /* Routable.swift */; };
		73756FCBBD7B4B5060ABD196 /* TabCoordinatableView.swift in Sources */ = {isa = PBXBuildFile; fileRef = 42717C74917C0E2346C3A440 /* TabCoordinatableView.swift */; };
		759309AC55AF2E4917FDD825 /* ChildDismissable.swift in Sources */ = {isa = PBXBuildFile; fileRef = 1142F74645B99FA2FD3CB9AA /* ChildDismissable.swift */; };
		763160F24A9172EC63B87A4F /* FullScreenPresentation.swift in Sources */ = {isa = PBXBuildFile; fileRef = 4F2A9FCF86CD7894B9DB59B7 /* FullScreenPresentation.swift */; };
		8328C4B61075816CFB16AE19 /* ModalPresentation.swift in Sources */ = {isa = PBXBuildFile; fileRef = C0EE40A20F5A5D851C38F4EB /* ModalPresentation.swift */; };
		8CF9131D7C82E35C4CBBAFDF /* UIKitPresentation.swift in Sources */ = {isa = PBXBuildFile; fileRef = 6A6F9E585E580D289A252EA3 /* UIKitPresentation.swift */; };
		8EB430BC92C895F1615F747B /* ViewWrapperCoordinator.swift in Sources */ = {isa = PBXBuildFile; fileRef = 51D06CAA72A64B1AEFEBF7AF /* ViewWrapperCoordinator.swift */; };
		91845FBC46C9F52D5005C3CF /* NavigationStack.swift in Sources */ = {isa = PBXBuildFile; fileRef = E40999ECDC74FF7EE0C18ABC /* NavigationStack.swift */; };
		9DDA47D63CD94EBDBAE73EDD /* StringIdentifiable.swift in Sources */ = {isa = PBXBuildFile; fileRef = AF9F1AD88036406B0F1C0AD3 /* StringIdentifiable.swift */; };
		C399685F92E855552B930C93 /* PresentationHelper.swift in Sources */ = {isa = PBXBuildFile; fileRef = 024BB6F75241315EF80B2420 /* PresentationHelper.swift */; };
		C652923450D1A16696D6B3E6 /* UIKitIntrospectionViewController.swift in Sources */ = {isa = PBXBuildFile; fileRef = A2C5B6E1BA4C1E51CBF9173E /* UIKitIntrospectionViewController.swift */; };
		C8116529A762A30FAA5264AB /* NavigationRouter.swift in Sources */ = {isa = PBXBuildFile; fileRef = C01BB33BB4C71A23554C122A /* NavigationRouter.swift */; };
		C9EFDE080DBB5284ACA7F940 /* TabChild.swift in Sources */ = {isa = PBXBuildFile; fileRef = 76C98B0BE99AE09C62534DB0 /* TabChild.swift */; };
		CB6E70D9721BBCCB584813F1 /* Array+SafeIndex.swift in Sources */ = {isa = PBXBuildFile; fileRef = 0BABA2BDE26575468C0C289B /* Array+SafeIndex.swift */; };
		CDD16D289F37043D45EAC4CC /* IntrospectionUIViewController.swift in Sources */ = {isa = PBXBuildFile; fileRef = 0F5BBD4F7419D30E3869BD4B /* IntrospectionUIViewController.swift */; };
		D71AD4ADAD0DBA0DEF62490B /* AnyPresentationType.swift in Sources */ = {isa = PBXBuildFile; fileRef = C9434C5DEF87AC0256299944 /* AnyPresentationType.swift */; };
		D8BA461223CDB291CCF7D4AD /* TabRouter.swift in Sources */ = {isa = PBXBuildFile; fileRef = 1360F0E221DAD74AE5AD9DF4 /* TabRouter.swift */; };
		E475CECDE38E8F8A938819F1 /* RouterStore.swift in Sources */ = {isa = PBXBuildFile; fileRef = C836A73127486C3E67FDB9CD /* RouterStore.swift */; };
		EB6141C0BCFA925B9C4773A8 /* Presented.swift in Sources */ = {isa = PBXBuildFile; fileRef = 5EEFC9DEADCC6283BB711EA7 /* Presented.swift */; };
		F12B231A0A1A1265AB71B80D /* IntrospectionUIView.swift in Sources */ = {isa = PBXBuildFile; fileRef = 0FF80B7FA07A5194D4396826 /* IntrospectionUIView.swift */; };
		F22F62E69BCCFD1384832360 /* StinsenConfigure.swift in Sources */ = {isa = PBXBuildFile; fileRef = F3E039037E81FE7A10D8EECC /* StinsenConfigure.swift */; };
		F7F7D21B806C5FF8B19F752A /* NavigationCoordinatableView.swift in Sources */ = {isa = PBXBuildFile; fileRef = C8B503095FC190D6C933981C /* NavigationCoordinatableView.swift */; };
		FF7E6AEBCFB5AF71EE79C8D5 /* Presentable.swift in Sources */ = {isa = PBXBuildFile; fileRef = DE757B7D727311ECE27A90F4 /* Presentable.swift */; };
/* End PBXBuildFile section */

/* Begin PBXCopyFilesBuildPhase section */
		3A96D3509F4384E33E61E682 /* Embed Frameworks */ = {
			isa = PBXCopyFilesBuildPhase;
			buildActionMask = 2147483647;
			dstPath = "";
			dstSubfolderSpec = 10;
			files = (
			);
			name = "Embed Frameworks";
			runOnlyForDeploymentPostprocessing = 0;
		};
/* End PBXCopyFilesBuildPhase section */

/* Begin PBXFileReference section */
		024BB6F75241315EF80B2420 /* PresentationHelper.swift */ = {isa = PBXFileReference; lastKnownFileType = sourcecode.swift; path = PresentationHelper.swift; sourceTree = "<group>"; };
		06D9286EEAD5E49D57E7AAEC /* TabRoute.swift */ = {isa = PBXFileReference; lastKnownFileType = sourcecode.swift; path = TabRoute.swift; sourceTree = "<group>"; };
		0BABA2BDE26575468C0C289B /* Array+SafeIndex.swift */ = {isa = PBXFileReference; lastKnownFileType = sourcecode.swift; path = "Array+SafeIndex.swift"; sourceTree = "<group>"; };
		0F5BBD4F7419D30E3869BD4B /* IntrospectionUIViewController.swift */ = {isa = PBXFileReference; lastKnownFileType = sourcecode.swift; path = IntrospectionUIViewController.swift; sourceTree = "<group>"; };
		0FF80B7FA07A5194D4396826 /* IntrospectionUIView.swift */ = {isa = PBXFileReference; lastKnownFileType = sourcecode.swift; path = IntrospectionUIView.swift; sourceTree = "<group>"; };
		1142F74645B99FA2FD3CB9AA /* ChildDismissable.swift */ = {isa = PBXFileReference; lastKnownFileType = sourcecode.swift; path = ChildDismissable.swift; sourceTree = "<group>"; };
		1360F0E221DAD74AE5AD9DF4 /* TabRouter.swift */ = {isa = PBXFileReference; lastKnownFileType = sourcecode.swift; path = TabRouter.swift; sourceTree = "<group>"; };
		13E0F2642163410FF9A03AD5 /* TabCoordinatable.swift */ = {isa = PBXFileReference; lastKnownFileType = sourcecode.swift; path = TabCoordinatable.swift; sourceTree = "<group>"; };
		14BC365F57624C49B70AF081 /* WeakRef.swift */ = {isa = PBXFileReference; lastKnownFileType = sourcecode.swift; path = WeakRef.swift; sourceTree = "<group>"; };
		25CE9874F28291D7714FCA7C /* ViewWrapperCoordinatorView.swift */ = {isa = PBXFileReference; lastKnownFileType = sourcecode.swift; path = ViewWrapperCoordinatorView.swift; sourceTree = "<group>"; };
		2F5238CBE607B98FB570C1EE /* UIKitPresentationType.swift */ = {isa = PBXFileReference; lastKnownFileType = sourcecode.swift; path = UIKitPresentationType.swift; sourceTree = "<group>"; };
		3E1DD8D9AE8196D6513CAFC6 /* FocusError.swift */ = {isa = PBXFileReference; lastKnownFileType = sourcecode.swift; path = FocusError.swift; sourceTree = "<group>"; };
		3E87C1248018187B71DC3A36 /* NavigationRoute.swift */ = {isa = PBXFileReference; lastKnownFileType = sourcecode.swift; path = NavigationRoute.swift; sourceTree = "<group>"; };
		42717C74917C0E2346C3A440 /* TabCoordinatableView.swift */ = {isa = PBXFileReference; lastKnownFileType = sourcecode.swift; path = TabCoordinatableView.swift; sourceTree = "<group>"; };
		4F2A9FCF86CD7894B9DB59B7 /* FullScreenPresentation.swift */ = {isa = PBXFileReference; lastKnownFileType = sourcecode.swift; path = FullScreenPresentation.swift; sourceTree = "<group>"; };
		51D06CAA72A64B1AEFEBF7AF /* ViewWrapperCoordinator.swift */ = {isa = PBXFileReference; lastKnownFileType = sourcecode.swift; path = ViewWrapperCoordinator.swift; sourceTree = "<group>"; };
		5EEFC9DEADCC6283BB711EA7 /* Presented.swift */ = {isa = PBXFileReference; lastKnownFileType = sourcecode.swift; path = Presented.swift; sourceTree = "<group>"; };
		6A6F9E585E580D289A252EA3 /* UIKitPresentation.swift */ = {isa = PBXFileReference; lastKnownFileType = sourcecode.swift; path = UIKitPresentation.swift; sourceTree = "<group>"; };
		76C98B0BE99AE09C62534DB0 /* TabChild.swift */ = {isa = PBXFileReference; lastKnownFileType = sourcecode.swift; path = TabChild.swift; sourceTree = "<group>"; };
		7CCB136FEDDF264DC7425C17 /* Stinsen.plist */ = {isa = PBXFileReference; lastKnownFileType = text.plist; path = Stinsen.plist; sourceTree = "<group>"; };
		806ABFABF4AF060D451ED773 /* Routable.swift */ = {isa = PBXFileReference; lastKnownFileType = sourcecode.swift; path = Routable.swift; sourceTree = "<group>"; };
		91BB9F2728423B38EEA3C85A /* Coordinatable.swift */ = {isa = PBXFileReference; lastKnownFileType = sourcecode.swift; path = Coordinatable.swift; sourceTree = "<group>"; };
		928E13E9D81423D7B6F01455 /* NavigationViewCoordinator.swift */ = {isa = PBXFileReference; lastKnownFileType = sourcecode.swift; path = NavigationViewCoordinator.swift; sourceTree = "<group>"; };
		98BC0D274A4CD4B4A336B284 /* NavigationCoordinatable.swift */ = {isa = PBXFileReference; lastKnownFileType = sourcecode.swift; path = NavigationCoordinatable.swift; sourceTree = "<group>"; };
		A2C5B6E1BA4C1E51CBF9173E /* UIKitIntrospectionViewController.swift */ = {isa = PBXFileReference; lastKnownFileType = sourcecode.swift; path = UIKitIntrospectionViewController.swift; sourceTree = "<group>"; };
		AF9F1AD88036406B0F1C0AD3 /* StringIdentifiable.swift */ = {isa = PBXFileReference; lastKnownFileType = sourcecode.swift; path = StringIdentifiable.swift; sourceTree = "<group>"; };
		B2ACDD7BB945B7F3C83F9747 /* PresentationType.swift */ = {isa = PBXFileReference; lastKnownFileType = sourcecode.swift; path = PresentationType.swift; sourceTree = "<group>"; };
		BE2B1DA84D7728BD5064ABAD /* AnyCoordinator.swift */ = {isa = PBXFileReference; lastKnownFileType = sourcecode.swift; path = AnyCoordinator.swift; sourceTree = "<group>"; };
		C01BB33BB4C71A23554C122A /* NavigationRouter.swift */ = {isa = PBXFileReference; lastKnownFileType = sourcecode.swift; path = NavigationRouter.swift; sourceTree = "<group>"; };
		C0EE40A20F5A5D851C38F4EB /* ModalPresentation.swift */ = {isa = PBXFileReference; lastKnownFileType = sourcecode.swift; path = ModalPresentation.swift; sourceTree = "<group>"; };
		C836A73127486C3E67FDB9CD /* RouterStore.swift */ = {isa = PBXFileReference; lastKnownFileType = sourcecode.swift; path = RouterStore.swift; sourceTree = "<group>"; };
		C8B503095FC190D6C933981C /* NavigationCoordinatableView.swift */ = {isa = PBXFileReference; lastKnownFileType = sourcecode.swift; path = NavigationCoordinatableView.swift; sourceTree = "<group>"; };
		C9434C5DEF87AC0256299944 /* AnyPresentationType.swift */ = {isa = PBXFileReference; lastKnownFileType = sourcecode.swift; path = AnyPresentationType.swift; sourceTree = "<group>"; };
		DE757B7D727311ECE27A90F4 /* Presentable.swift */ = {isa = PBXFileReference; lastKnownFileType = sourcecode.swift; path = Presentable.swift; sourceTree = "<group>"; };
		E40999ECDC74FF7EE0C18ABC /* NavigationStack.swift */ = {isa = PBXFileReference; lastKnownFileType = sourcecode.swift; path = NavigationStack.swift; sourceTree = "<group>"; };
		F3E039037E81FE7A10D8EECC /* StinsenConfigure.swift */ = {isa = PBXFileReference; lastKnownFileType = sourcecode.swift; path = StinsenConfigure.swift; sourceTree = "<group>"; };
		FBAC1A3266EF1AA4E8F0B5F5 /* Stinsen.framework */ = {isa = PBXFileReference; explicitFileType = wrapper.framework; includeInIndex = 0; path = Stinsen.framework; sourceTree = BUILT_PRODUCTS_DIR; };
		FC9D993634A445EA3D43C9C3 /* PushPresentation.swift */ = {isa = PBXFileReference; lastKnownFileType = sourcecode.swift; path = PushPresentation.swift; sourceTree = "<group>"; };
/* End PBXFileReference section */

/* Begin PBXFrameworksBuildPhase section */
		B71D45D4599DCD0BF0845FE8 /* Frameworks */ = {
			isa = PBXFrameworksBuildPhase;
			buildActionMask = 2147483647;
			files = (
			);
			runOnlyForDeploymentPostprocessing = 0;
		};
/* End PBXFrameworksBuildPhase section */

/* Begin PBXGroup section */
		01549952204EFAE56C49E6AD /* Derived */ = {
			isa = PBXGroup;
			children = (
				2438A92EA48B1FB32E697747 /* InfoPlists */,
			);
			path = Derived;
			sourceTree = "<group>";
		};
		02955D3D3C150B8599834C76 /* IntroSpection */ = {
			isa = PBXGroup;
			children = (
				0FF80B7FA07A5194D4396826 /* IntrospectionUIView.swift */,
				0F5BBD4F7419D30E3869BD4B /* IntrospectionUIViewController.swift */,
				A2C5B6E1BA4C1E51CBF9173E /* UIKitIntrospectionViewController.swift */,
			);
			path = IntroSpection;
			sourceTree = "<group>";
		};
		116B3EA18E300271B9348E6C /* Products */ = {
			isa = PBXGroup;
			children = (
				FBAC1A3266EF1AA4E8F0B5F5 /* Stinsen.framework */,
			);
			name = Products;
			sourceTree = "<group>";
		};
		2438A92EA48B1FB32E697747 /* InfoPlists */ = {
			isa = PBXGroup;
			children = (
				7CCB136FEDDF264DC7425C17 /* Stinsen.plist */,
			);
			path = InfoPlists;
			sourceTree = "<group>";
		};
		2B33D99082D74F7EEC3515E8 /* TabCoordinatable */ = {
			isa = PBXGroup;
			children = (
				76C98B0BE99AE09C62534DB0 /* TabChild.swift */,
				13E0F2642163410FF9A03AD5 /* TabCoordinatable.swift */,
				42717C74917C0E2346C3A440 /* TabCoordinatableView.swift */,
				06D9286EEAD5E49D57E7AAEC /* TabRoute.swift */,
				1360F0E221DAD74AE5AD9DF4 /* TabRouter.swift */,
			);
			path = TabCoordinatable;
			sourceTree = "<group>";
		};
		3EAF05C6C87420B4BA805DEF /* NavigationViewCoordinator */ = {
			isa = PBXGroup;
			children = (
				928E13E9D81423D7B6F01455 /* NavigationViewCoordinator.swift */,
			);
			path = NavigationViewCoordinator;
			sourceTree = "<group>";
		};
		41E6D243C8FB9D6934CB258F /* Utilities */ = {
			isa = PBXGroup;
			children = (
				0BABA2BDE26575468C0C289B /* Array+SafeIndex.swift */,
				14BC365F57624C49B70AF081 /* WeakRef.swift */,
			);
			path = Utilities;
			sourceTree = "<group>";
		};
		466E177B1DF5970F5BDAFDD3 /* PresentationType */ = {
			isa = PBXGroup;
			children = (
				4F2A9FCF86CD7894B9DB59B7 /* FullScreenPresentation.swift */,
				C0EE40A20F5A5D851C38F4EB /* ModalPresentation.swift */,
				FC9D993634A445EA3D43C9C3 /* PushPresentation.swift */,
				6A6F9E585E580D289A252EA3 /* UIKitPresentation.swift */,
			);
			path = PresentationType;
			sourceTree = "<group>";
		};
		62A7534D3E0ED4C0A682391A /* Coordinatable */ = {
			isa = PBXGroup;
			children = (
				BE2B1DA84D7728BD5064ABAD /* AnyCoordinator.swift */,
				1142F74645B99FA2FD3CB9AA /* ChildDismissable.swift */,
				91BB9F2728423B38EEA3C85A /* Coordinatable.swift */,
				DE757B7D727311ECE27A90F4 /* Presentable.swift */,
				AF9F1AD88036406B0F1C0AD3 /* StringIdentifiable.swift */,
			);
			path = Coordinatable;
			sourceTree = "<group>";
		};
		7235205D6F23833C06235D65 /* RouterStore */ = {
			isa = PBXGroup;
			children = (
				C836A73127486C3E67FDB9CD /* RouterStore.swift */,
			);
			path = RouterStore;
			sourceTree = "<group>";
		};
		7B76E84ECE2D940852B9DB79 /* Protocols */ = {
			isa = PBXGroup;
			children = (
				806ABFABF4AF060D451ED773 /* Routable.swift */,
			);
			path = Protocols;
			sourceTree = "<group>";
		};
		892D9B64303A8F7B85BD9E44 /* ViewWrapperCoordinator */ = {
			isa = PBXGroup;
			children = (
				51D06CAA72A64B1AEFEBF7AF /* ViewWrapperCoordinator.swift */,
				25CE9874F28291D7714FCA7C /* ViewWrapperCoordinatorView.swift */,
			);
			path = ViewWrapperCoordinator;
			sourceTree = "<group>";
		};
		8B4EE125509559630BE65CE0 /* Frameworks */ = {
			isa = PBXGroup;
			children = (
			);
			name = Frameworks;
			sourceTree = "<group>";
		};
		A87D246DFBC1370F21F0D786 /* NavigationCoordinatable */ = {
			isa = PBXGroup;
			children = (
				C9434C5DEF87AC0256299944 /* AnyPresentationType.swift */,
				98BC0D274A4CD4B4A336B284 /* NavigationCoordinatable.swift */,
				C8B503095FC190D6C933981C /* NavigationCoordinatableView.swift */,
				3E87C1248018187B71DC3A36 /* NavigationRoute.swift */,
				C01BB33BB4C71A23554C122A /* NavigationRouter.swift */,
				E40999ECDC74FF7EE0C18ABC /* NavigationStack.swift */,
				024BB6F75241315EF80B2420 /* PresentationHelper.swift */,
				B2ACDD7BB945B7F3C83F9747 /* PresentationType.swift */,
				5EEFC9DEADCC6283BB711EA7 /* Presented.swift */,
				2F5238CBE607B98FB570C1EE /* UIKitPresentationType.swift */,
			);
			path = NavigationCoordinatable;
			sourceTree = "<group>";
		};
		B9B0897473092A09060A6E82 = {
			isa = PBXGroup;
			children = (
				DE6701A8BAB982FC514BA8FD /* Project */,
				8B4EE125509559630BE65CE0 /* Frameworks */,
				116B3EA18E300271B9348E6C /* Products */,
			);
			sourceTree = "<group>";
		};
		DE6701A8BAB982FC514BA8FD /* Project */ = {
			isa = PBXGroup;
			children = (
				01549952204EFAE56C49E6AD /* Derived */,
				FEE5CAC6C8B5EC3775D45BCB /* Stinsen */,
			);
			name = Project;
			sourceTree = "<group>";
		};
		E0E4C54BF09402D17653AFAD /* Entities */ = {
			isa = PBXGroup;
			children = (
				3E1DD8D9AE8196D6513CAFC6 /* FocusError.swift */,
			);
			path = Entities;
			sourceTree = "<group>";
		};
		FEE5CAC6C8B5EC3775D45BCB /* Stinsen */ = {
			isa = PBXGroup;
			children = (
				62A7534D3E0ED4C0A682391A /* Coordinatable */,
				E0E4C54BF09402D17653AFAD /* Entities */,
				02955D3D3C150B8599834C76 /* IntroSpection */,
				A87D246DFBC1370F21F0D786 /* NavigationCoordinatable */,
				3EAF05C6C87420B4BA805DEF /* NavigationViewCoordinator */,
				466E177B1DF5970F5BDAFDD3 /* PresentationType */,
				7B76E84ECE2D940852B9DB79 /* Protocols */,
				7235205D6F23833C06235D65 /* RouterStore */,
				2B33D99082D74F7EEC3515E8 /* TabCoordinatable */,
				41E6D243C8FB9D6934CB258F /* Utilities */,
				892D9B64303A8F7B85BD9E44 /* ViewWrapperCoordinator */,
				F3E039037E81FE7A10D8EECC /* StinsenConfigure.swift */,
			);
			path = Stinsen;
			sourceTree = "<group>";
		};
/* End PBXGroup section */

/* Begin PBXNativeTarget section */
		C561121B41DBA132D69F8787 /* Stinsen */ = {
			isa = PBXNativeTarget;
			buildConfigurationList = DDC54366FC5DFE21195FABE4 /* Build configuration list for PBXNativeTarget "Stinsen" */;
			buildPhases = (
				7A57BFEE74C153D9F23E492B /* Sources */,
				5C6570B78C4F435592443380 /* Resources */,
				3A96D3509F4384E33E61E682 /* Embed Frameworks */,
				B71D45D4599DCD0BF0845FE8 /* Frameworks */,
			);
			buildRules = (
			);
			dependencies = (
			);
			name = Stinsen;
			productName = Stinsen;
			productReference = FBAC1A3266EF1AA4E8F0B5F5 /* Stinsen.framework */;
			productType = "com.apple.product-type.framework";
		};
/* End PBXNativeTarget section */

/* Begin PBXProject section */
		977189D3674B714C989C406D /* Project object */ = {
			isa = PBXProject;
			attributes = {
				LastUpgradeCheck = 9999;
				TargetAttributes = {
				};
			};
			buildConfigurationList = 9E75AFA5D25604C946FD2F52 /* Build configuration list for PBXProject "Stinsen" */;
			compatibilityVersion = "Xcode 13.0";
			developmentRegion = en;
			hasScannedForEncodings = 0;
			knownRegions = (
				Base,
				en,
			);
			mainGroup = B9B0897473092A09060A6E82;
			productRefGroup = 116B3EA18E300271B9348E6C /* Products */;
			projectDirPath = "";
			projectRoot = "";
			targets = (
				C561121B41DBA132D69F8787 /* Stinsen */,
			);
		};
/* End PBXProject section */

/* Begin PBXResourcesBuildPhase section */
		5C6570B78C4F435592443380 /* Resources */ = {
			isa = PBXResourcesBuildPhase;
			buildActionMask = 2147483647;
			files = (
			);
			runOnlyForDeploymentPostprocessing = 0;
		};
/* End PBXResourcesBuildPhase section */

/* Begin PBXSourcesBuildPhase section */
		7A57BFEE74C153D9F23E492B /* Sources */ = {
			isa = PBXSourcesBuildPhase;
			buildActionMask = 2147483647;
			files = (
				6D9E18FB7661A2E1DB4E143D /* AnyCoordinator.swift in Sources */,
				759309AC55AF2E4917FDD825 /* ChildDismissable.swift in Sources */,
				3E0BD5340CC3C65F814250D8 /* Coordinatable.swift in Sources */,
				FF7E6AEBCFB5AF71EE79C8D5 /* Presentable.swift in Sources */,
				9DDA47D63CD94EBDBAE73EDD /* StringIdentifiable.swift in Sources */,
				60C7B67E97D1F7C058FB9E2F /* FocusError.swift in Sources */,
				F12B231A0A1A1265AB71B80D /* IntrospectionUIView.swift in Sources */,
				CDD16D289F37043D45EAC4CC /* IntrospectionUIViewController.swift in Sources */,
				C652923450D1A16696D6B3E6 /* UIKitIntrospectionViewController.swift in Sources */,
				D71AD4ADAD0DBA0DEF62490B /* AnyPresentationType.swift in Sources */,
				4B2B4A1DE060912665B14F32 /* NavigationCoordinatable.swift in Sources */,
				F7F7D21B806C5FF8B19F752A /* NavigationCoordinatableView.swift in Sources */,
				31882FA54C427E4A0AA7157D /* NavigationRoute.swift in Sources */,
				C8116529A762A30FAA5264AB /* NavigationRouter.swift in Sources */,
				91845FBC46C9F52D5005C3CF /* NavigationStack.swift in Sources */,
				C399685F92E855552B930C93 /* PresentationHelper.swift in Sources */,
				494F6AFA64152FDF81841B3C /* PresentationType.swift in Sources */,
				EB6141C0BCFA925B9C4773A8 /* Presented.swift in Sources */,
				184D6EF5E86D12FDB0497334 /* UIKitPresentationType.swift in Sources */,
				33E9198D2C8B7DC6BC3B59B6 /* NavigationViewCoordinator.swift in Sources */,
				763160F24A9172EC63B87A4F /* FullScreenPresentation.swift in Sources */,
				8328C4B61075816CFB16AE19 /* ModalPresentation.swift in Sources */,
				6402F8F36ACD60637FEBCA73 /* PushPresentation.swift in Sources */,
				8CF9131D7C82E35C4CBBAFDF /* UIKitPresentation.swift in Sources */,
				71EDD70239CE97D9B2AFE4DC /* Routable.swift in Sources */,
				E475CECDE38E8F8A938819F1 /* RouterStore.swift in Sources */,
				F22F62E69BCCFD1384832360 /* StinsenConfigure.swift in Sources */,
				C9EFDE080DBB5284ACA7F940 /* TabChild.swift in Sources */,
				5AB69ED776287A46B68235BC /* TabCoordinatable.swift in Sources */,
				73756FCBBD7B4B5060ABD196 /* TabCoordinatableView.swift in Sources */,
				54092C1994507A690D662249 /* TabRoute.swift in Sources */,
				D8BA461223CDB291CCF7D4AD /* TabRouter.swift in Sources */,
				CB6E70D9721BBCCB584813F1 /* Array+SafeIndex.swift in Sources */,
				3FC83944C86755ACF5C1C997 /* WeakRef.swift in Sources */,
				8EB430BC92C895F1615F747B /* ViewWrapperCoordinator.swift in Sources */,
				36127512A94A505C8DE728D1 /* ViewWrapperCoordinatorView.swift in Sources */,
			);
			runOnlyForDeploymentPostprocessing = 0;
		};
/* End PBXSourcesBuildPhase section */

/* Begin XCBuildConfiguration section */
		4602D5905AF23447981BF5CC /* Debug */ = {
			isa = XCBuildConfiguration;
			buildSettings = {
				ALWAYS_SEARCH_USER_PATHS = YES;
				CLANG_ENABLE_OBJC_WEAK = NO;
				CLANG_WARN_QUOTED_INCLUDE_IN_FRAMEWORK_HEADER = NO;
				CODE_SIGN_IDENTITY = "";
				CURRENT_PROJECT_VERSION = 1;
				DEFINES_MODULE = YES;
				DYLIB_COMPATIBILITY_VERSION = 1;
				DYLIB_CURRENT_VERSION = 1;
				DYLIB_INSTALL_NAME_BASE = "@rpath";
				ENABLE_STRICT_OBJC_MSGSEND = NO;
				FRAMEWORK_SEARCH_PATHS = (
					"$(inherited)",
					"$(PLATFORM_DIR)/Developer/Library/Frameworks",
				);
				GCC_NO_COMMON_BLOCKS = NO;
				GCC_PREPROCESSOR_DEFINITIONS = (
					"$(inherited)",
					"SWIFT_PACKAGE=1",
				);
				GCC_WARN_INHIBIT_ALL_WARNINGS = YES;
				INFOPLIST_FILE = Derived/InfoPlists/Stinsen.plist;
				INSTALL_PATH = "$(LOCAL_LIBRARY_DIR)/Frameworks";
				IPHONEOS_DEPLOYMENT_TARGET = 13.0;
				LD_RUNPATH_SEARCH_PATHS = (
					"$(inherited)",
					"@executable_path/Frameworks",
					"@loader_path/Frameworks",
				);
				PRODUCT_BUNDLE_IDENTIFIER = Stinsen;
				PRODUCT_NAME = Stinsen;
				SDKROOT = iphoneos;
				SKIP_INSTALL = YES;
				SUPPORTS_MACCATALYST = NO;
				SWIFT_ACTIVE_COMPILATION_CONDITIONS = (
					"$(inherited)",
					DEBUG,
					SWIFT_PACKAGE,
				);
				SWIFT_COMPILATION_MODE = singlefile;
				SWIFT_OPTIMIZATION_LEVEL = "-Onone";
				SWIFT_SUPPRESS_WARNINGS = YES;
				SWIFT_VERSION = 5.6.1;
				TARGETED_DEVICE_FAMILY = "1,2";
				USE_HEADERMAP = NO;
				VERSIONING_SYSTEM = "apple-generic";
				VERSION_INFO_PREFIX = "";
			};
			name = Debug;
		};
		6431BD19E721A6DB510C8D23 /* Release */ = {
			isa = XCBuildConfiguration;
			buildSettings = {
				ALWAYS_SEARCH_USER_PATHS = NO;
				CLANG_ANALYZER_LOCALIZABILITY_NONLOCALIZED = YES;
				CLANG_ANALYZER_NONNULL = YES;
				CLANG_ANALYZER_NUMBER_OBJECT_CONVERSION = YES_AGGRESSIVE;
				CLANG_CXX_LANGUAGE_STANDARD = "gnu++14";
				CLANG_CXX_LIBRARY = "libc++";
				CLANG_ENABLE_MODULES = YES;
				CLANG_ENABLE_OBJC_ARC = YES;
				CLANG_ENABLE_OBJC_WEAK = YES;
				CLANG_WARN_BLOCK_CAPTURE_AUTORELEASING = YES;
				CLANG_WARN_BOOL_CONVERSION = YES;
				CLANG_WARN_COMMA = YES;
				CLANG_WARN_CONSTANT_CONVERSION = YES;
				CLANG_WARN_DEPRECATED_OBJC_IMPLEMENTATIONS = YES;
				CLANG_WARN_DIRECT_OBJC_ISA_USAGE = YES_ERROR;
				CLANG_WARN_DOCUMENTATION_COMMENTS = YES;
				CLANG_WARN_EMPTY_BODY = YES;
				CLANG_WARN_ENUM_CONVERSION = YES;
				CLANG_WARN_INFINITE_RECURSION = YES;
				CLANG_WARN_INT_CONVERSION = YES;
				CLANG_WARN_NON_LITERAL_NULL_CONVERSION = YES;
				CLANG_WARN_OBJC_IMPLICIT_RETAIN_SELF = YES;
				CLANG_WARN_OBJC_LITERAL_CONVERSION = YES;
				CLANG_WARN_OBJC_ROOT_CLASS = YES_ERROR;
				CLANG_WARN_QUOTED_INCLUDE_IN_FRAMEWORK_HEADER = YES;
				CLANG_WARN_RANGE_LOOP_ANALYSIS = YES;
				CLANG_WARN_STRICT_PROTOTYPES = YES;
				CLANG_WARN_SUSPICIOUS_MOVE = YES;
				CLANG_WARN_UNGUARDED_AVAILABILITY = YES_AGGRESSIVE;
				CLANG_WARN_UNREACHABLE_CODE = YES;
				CLANG_WARN__DUPLICATE_METHOD_MATCH = YES;
				COPY_PHASE_STRIP = NO;
				DEBUG_INFORMATION_FORMAT = "dwarf-with-dsym";
				ENABLE_NS_ASSERTIONS = NO;
				ENABLE_STRICT_OBJC_MSGSEND = YES;
				GCC_C_LANGUAGE_STANDARD = gnu11;
				GCC_NO_COMMON_BLOCKS = YES;
				GCC_WARN_64_TO_32_BIT_CONVERSION = YES;
				GCC_WARN_ABOUT_RETURN_TYPE = YES_ERROR;
				GCC_WARN_UNDECLARED_SELECTOR = YES;
				GCC_WARN_UNINITIALIZED_AUTOS = YES_AGGRESSIVE;
				GCC_WARN_UNUSED_FUNCTION = YES;
				GCC_WARN_UNUSED_VARIABLE = YES;
				MTL_ENABLE_DEBUG_INFO = NO;
				PRODUCT_NAME = "$(TARGET_NAME)";
				VALIDATE_PRODUCT = YES;
			};
			name = Release;
		};
		8FAAF50D4FD9D43B34D24819 /* Debug */ = {
			isa = XCBuildConfiguration;
			buildSettings = {
				ALWAYS_SEARCH_USER_PATHS = NO;
				CLANG_ANALYZER_LOCALIZABILITY_NONLOCALIZED = YES;
				CLANG_ANALYZER_NONNULL = YES;
				CLANG_ANALYZER_NUMBER_OBJECT_CONVERSION = YES_AGGRESSIVE;
				CLANG_CXX_LANGUAGE_STANDARD = "gnu++14";
				CLANG_CXX_LIBRARY = "libc++";
				CLANG_ENABLE_MODULES = YES;
				CLANG_ENABLE_OBJC_ARC = YES;
				CLANG_ENABLE_OBJC_WEAK = YES;
				CLANG_WARN_BLOCK_CAPTURE_AUTORELEASING = YES;
				CLANG_WARN_BOOL_CONVERSION = YES;
				CLANG_WARN_COMMA = YES;
				CLANG_WARN_CONSTANT_CONVERSION = YES;
				CLANG_WARN_DEPRECATED_OBJC_IMPLEMENTATIONS = YES;
				CLANG_WARN_DIRECT_OBJC_ISA_USAGE = YES_ERROR;
				CLANG_WARN_DOCUMENTATION_COMMENTS = YES;
				CLANG_WARN_EMPTY_BODY = YES;
				CLANG_WARN_ENUM_CONVERSION = YES;
				CLANG_WARN_INFINITE_RECURSION = YES;
				CLANG_WARN_INT_CONVERSION = YES;
				CLANG_WARN_NON_LITERAL_NULL_CONVERSION = YES;
				CLANG_WARN_OBJC_IMPLICIT_RETAIN_SELF = YES;
				CLANG_WARN_OBJC_LITERAL_CONVERSION = YES;
				CLANG_WARN_OBJC_ROOT_CLASS = YES_ERROR;
				CLANG_WARN_QUOTED_INCLUDE_IN_FRAMEWORK_HEADER = YES;
				CLANG_WARN_RANGE_LOOP_ANALYSIS = YES;
				CLANG_WARN_STRICT_PROTOTYPES = YES;
				CLANG_WARN_SUSPICIOUS_MOVE = YES;
				CLANG_WARN_UNGUARDED_AVAILABILITY = YES_AGGRESSIVE;
				CLANG_WARN_UNREACHABLE_CODE = YES;
				CLANG_WARN__DUPLICATE_METHOD_MATCH = YES;
				COPY_PHASE_STRIP = NO;
				DEBUG_INFORMATION_FORMAT = dwarf;
				ENABLE_STRICT_OBJC_MSGSEND = YES;
				ENABLE_TESTABILITY = YES;
				GCC_C_LANGUAGE_STANDARD = gnu11;
				GCC_DYNAMIC_NO_PIC = NO;
				GCC_NO_COMMON_BLOCKS = YES;
				GCC_OPTIMIZATION_LEVEL = 0;
				GCC_PREPROCESSOR_DEFINITIONS = (
					"DEBUG=1",
					"$(inherited)",
				);
				GCC_WARN_64_TO_32_BIT_CONVERSION = YES;
				GCC_WARN_ABOUT_RETURN_TYPE = YES_ERROR;
				GCC_WARN_UNDECLARED_SELECTOR = YES;
				GCC_WARN_UNINITIALIZED_AUTOS = YES_AGGRESSIVE;
				GCC_WARN_UNUSED_FUNCTION = YES;
				GCC_WARN_UNUSED_VARIABLE = YES;
				MTL_ENABLE_DEBUG_INFO = YES;
				ONLY_ACTIVE_ARCH = YES;
				PRODUCT_NAME = "$(TARGET_NAME)";
			};
			name = Debug;
		};
		93DF8FD510E1F76384BCE124 /* QA */ = {
			isa = XCBuildConfiguration;
			buildSettings = {
				ALWAYS_SEARCH_USER_PATHS = NO;
				CLANG_ANALYZER_LOCALIZABILITY_NONLOCALIZED = YES;
				CLANG_ANALYZER_NONNULL = YES;
				CLANG_ANALYZER_NUMBER_OBJECT_CONVERSION = YES_AGGRESSIVE;
				CLANG_CXX_LANGUAGE_STANDARD = "gnu++14";
				CLANG_CXX_LIBRARY = "libc++";
				CLANG_ENABLE_MODULES = YES;
				CLANG_ENABLE_OBJC_ARC = YES;
				CLANG_ENABLE_OBJC_WEAK = YES;
				CLANG_WARN_BLOCK_CAPTURE_AUTORELEASING = YES;
				CLANG_WARN_BOOL_CONVERSION = YES;
				CLANG_WARN_COMMA = YES;
				CLANG_WARN_CONSTANT_CONVERSION = YES;
				CLANG_WARN_DEPRECATED_OBJC_IMPLEMENTATIONS = YES;
				CLANG_WARN_DIRECT_OBJC_ISA_USAGE = YES_ERROR;
				CLANG_WARN_DOCUMENTATION_COMMENTS = YES;
				CLANG_WARN_EMPTY_BODY = YES;
				CLANG_WARN_ENUM_CONVERSION = YES;
				CLANG_WARN_INFINITE_RECURSION = YES;
				CLANG_WARN_INT_CONVERSION = YES;
				CLANG_WARN_NON_LITERAL_NULL_CONVERSION = YES;
				CLANG_WARN_OBJC_IMPLICIT_RETAIN_SELF = YES;
				CLANG_WARN_OBJC_LITERAL_CONVERSION = YES;
				CLANG_WARN_OBJC_ROOT_CLASS = YES_ERROR;
				CLANG_WARN_QUOTED_INCLUDE_IN_FRAMEWORK_HEADER = YES;
				CLANG_WARN_RANGE_LOOP_ANALYSIS = YES;
				CLANG_WARN_STRICT_PROTOTYPES = YES;
				CLANG_WARN_SUSPICIOUS_MOVE = YES;
				CLANG_WARN_UNGUARDED_AVAILABILITY = YES_AGGRESSIVE;
				CLANG_WARN_UNREACHABLE_CODE = YES;
				CLANG_WARN__DUPLICATE_METHOD_MATCH = YES;
				COPY_PHASE_STRIP = NO;
				DEBUG_INFORMATION_FORMAT = "dwarf-with-dsym";
				ENABLE_NS_ASSERTIONS = NO;
				ENABLE_STRICT_OBJC_MSGSEND = YES;
				GCC_C_LANGUAGE_STANDARD = gnu11;
				GCC_NO_COMMON_BLOCKS = YES;
				GCC_WARN_64_TO_32_BIT_CONVERSION = YES;
				GCC_WARN_ABOUT_RETURN_TYPE = YES_ERROR;
				GCC_WARN_UNDECLARED_SELECTOR = YES;
				GCC_WARN_UNINITIALIZED_AUTOS = YES_AGGRESSIVE;
				GCC_WARN_UNUSED_FUNCTION = YES;
				GCC_WARN_UNUSED_VARIABLE = YES;
				MTL_ENABLE_DEBUG_INFO = NO;
				PRODUCT_NAME = "$(TARGET_NAME)";
				VALIDATE_PRODUCT = YES;
			};
			name = QA;
		};
		9F2F98ABF71E18262654CD25 /* QA */ = {
			isa = XCBuildConfiguration;
			buildSettings = {
				ALWAYS_SEARCH_USER_PATHS = YES;
				CLANG_ENABLE_OBJC_WEAK = NO;
				CLANG_WARN_QUOTED_INCLUDE_IN_FRAMEWORK_HEADER = NO;
				CODE_SIGN_IDENTITY = "";
				CURRENT_PROJECT_VERSION = 1;
				DEFINES_MODULE = YES;
				DYLIB_COMPATIBILITY_VERSION = 1;
				DYLIB_CURRENT_VERSION = 1;
				DYLIB_INSTALL_NAME_BASE = "@rpath";
				ENABLE_STRICT_OBJC_MSGSEND = NO;
				FRAMEWORK_SEARCH_PATHS = (
					"$(inherited)",
					"$(PLATFORM_DIR)/Developer/Library/Frameworks",
				);
				GCC_NO_COMMON_BLOCKS = NO;
				GCC_PREPROCESSOR_DEFINITIONS = (
					"$(inherited)",
					"SWIFT_PACKAGE=1",
				);
				GCC_WARN_INHIBIT_ALL_WARNINGS = YES;
				INFOPLIST_FILE = Derived/InfoPlists/Stinsen.plist;
				INSTALL_PATH = "$(LOCAL_LIBRARY_DIR)/Frameworks";
				IPHONEOS_DEPLOYMENT_TARGET = 13.0;
				LD_RUNPATH_SEARCH_PATHS = (
					"$(inherited)",
					"@executable_path/Frameworks",
					"@loader_path/Frameworks",
				);
				PRODUCT_BUNDLE_IDENTIFIER = Stinsen;
				PRODUCT_NAME = Stinsen;
				SDKROOT = iphoneos;
				SKIP_INSTALL = YES;
				SUPPORTS_MACCATALYST = NO;
				SWIFT_ACTIVE_COMPILATION_CONDITIONS = (
					"$(inherited)",
					SWIFT_PACKAGE,
				);
				SWIFT_COMPILATION_MODE = wholemodule;
				SWIFT_OPTIMIZATION_LEVEL = "-Owholemodule";
				SWIFT_SUPPRESS_WARNINGS = YES;
				SWIFT_VERSION = 5.6.1;
				TARGETED_DEVICE_FAMILY = "1,2";
				USE_HEADERMAP = NO;
				VERSIONING_SYSTEM = "apple-generic";
				VERSION_INFO_PREFIX = "";
			};
			name = QA;
		};
		AFB261DEEDC439B0B9AC703A /* Release */ = {
			isa = XCBuildConfiguration;
			buildSettings = {
				ALWAYS_SEARCH_USER_PATHS = YES;
				CLANG_ENABLE_OBJC_WEAK = NO;
				CLANG_WARN_QUOTED_INCLUDE_IN_FRAMEWORK_HEADER = NO;
				CODE_SIGN_IDENTITY = "";
				CURRENT_PROJECT_VERSION = 1;
				DEFINES_MODULE = YES;
				DYLIB_COMPATIBILITY_VERSION = 1;
				DYLIB_CURRENT_VERSION = 1;
				DYLIB_INSTALL_NAME_BASE = "@rpath";
				ENABLE_STRICT_OBJC_MSGSEND = NO;
				FRAMEWORK_SEARCH_PATHS = (
					"$(inherited)",
					"$(PLATFORM_DIR)/Developer/Library/Frameworks",
				);
				GCC_NO_COMMON_BLOCKS = NO;
				GCC_PREPROCESSOR_DEFINITIONS = (
					"$(inherited)",
					"SWIFT_PACKAGE=1",
				);
				GCC_WARN_INHIBIT_ALL_WARNINGS = YES;
				INFOPLIST_FILE = Derived/InfoPlists/Stinsen.plist;
				INSTALL_PATH = "$(LOCAL_LIBRARY_DIR)/Frameworks";
				IPHONEOS_DEPLOYMENT_TARGET = 13.0;
				LD_RUNPATH_SEARCH_PATHS = (
					"$(inherited)",
					"@executable_path/Frameworks",
					"@loader_path/Frameworks",
				);
				PRODUCT_BUNDLE_IDENTIFIER = Stinsen;
				PRODUCT_NAME = Stinsen;
				SDKROOT = iphoneos;
				SKIP_INSTALL = YES;
				SUPPORTS_MACCATALYST = NO;
				SWIFT_ACTIVE_COMPILATION_CONDITIONS = (
					"$(inherited)",
					SWIFT_PACKAGE,
				);
				SWIFT_COMPILATION_MODE = wholemodule;
				SWIFT_OPTIMIZATION_LEVEL = "-Owholemodule";
				SWIFT_SUPPRESS_WARNINGS = YES;
				SWIFT_VERSION = 5.6.1;
				TARGETED_DEVICE_FAMILY = "1,2";
				USE_HEADERMAP = NO;
				VERSIONING_SYSTEM = "apple-generic";
				VERSION_INFO_PREFIX = "";
			};
			name = Release;
		};
/* End XCBuildConfiguration section */

/* Begin XCConfigurationList section */
		9E75AFA5D25604C946FD2F52 /* Build configuration list for PBXProject "Stinsen" */ = {
			isa = XCConfigurationList;
			buildConfigurations = (
				8FAAF50D4FD9D43B34D24819 /* Debug */,
				93DF8FD510E1F76384BCE124 /* QA */,
				6431BD19E721A6DB510C8D23 /* Release */,
			);
			defaultConfigurationIsVisible = 0;
			defaultConfigurationName = Release;
		};
		DDC54366FC5DFE21195FABE4 /* Build configuration list for PBXNativeTarget "Stinsen" */ = {
			isa = XCConfigurationList;
			buildConfigurations = (
				4602D5905AF23447981BF5CC /* Debug */,
				9F2F98ABF71E18262654CD25 /* QA */,
				AFB261DEEDC439B0B9AC703A /* Release */,
			);
			defaultConfigurationIsVisible = 0;
			defaultConfigurationName = Release;
		};
/* End XCConfigurationList section */
	};
	rootObject = 977189D3674B714C989C406D /* Project object */;
}
